Microsoft Visual Studio Solution File, Format Version 12.00
# Visual Studio 15
VisualStudioVersion = 15.0.28307.705
MinimumVisualStudioVersion = 10.0.40219.1
Project("{FAE04EC0-301F-11D3-BF4B-00C04F79EFBC}") = "TwitchToolkit", "TwitchToolkit\TwitchToolkit.csproj", "{358D961A-2FB9-49A0-87BB-AF72A4BC1D29}"
EndProject
Global
	GlobalSection(SolutionConfigurationPlatforms) = preSolution
		Debug|Any CPU = Debug|Any CPU
		Release|Any CPU = Release|Any CPU
	EndGlobalSection
	GlobalSection(ProjectConfigurationPlatforms) = postSolution
		{358D961A-2FB9-49A0-87BB-AF72A4BC1D29}.Debug|Any CPU.ActiveCfg = Debug|Any CPU
		{358D961A-2FB9-49A0-87BB-AF72A4BC1D29}.Debug|Any CPU.Build.0 = Debug|Any CPU
		{358D961A-2FB9-49A0-87BB-AF72A4BC1D29}.Release|Any CPU.ActiveCfg = Release|Any CPU
		{358D961A-2FB9-49A0-87BB-AF72A4BC1D29}.Release|Any CPU.Build.0 = Release|Any CPU
	EndGlobalSection
	GlobalSection(SolutionProperties) = preSolution
		HideSolutionNode = FALSE
	EndGlobalSection
	GlobalSection(ExtensibilityGlobals) = postSolution
		SolutionGuid = {9E5A459E-F23C-4986-9CDA-5F990BCDA3DF}
	EndGlobalSection
EndGlobal
